
Microsoft Visual Studio Solution File, Format Version 12.00
# Visual Studio Version 17
VisualStudioVersion = 17.5.002.0
MinimumVisualStudioVersion = 10.0.40219.1
Project("{9A19103F-16F7-4668-BE54-9A1E7A4F7556}") = "Catalog", "Catalog.csproj", "{51767747-EC54-43A0-A370-A577E4C2C94B}"
EndProject
Global
	GlobalSection(SolutionConfigurationPlatforms) = preSolution
		Debug|Any CPU = Debug|Any CPU
		Release|Any CPU = Release|Any CPU
	EndGlobalSection
	GlobalSection(ProjectConfigurationPlatforms) = postSolution
		{51767747-EC54-43A0-A370-A577E4C2C94B}.Debug|Any CPU.ActiveCfg = Debug|Any CPU
		{51767747-EC54-43A0-A370-A577E4C2C94B}.Debug|Any CPU.Build.0 = Debug|Any CPU
		{51767747-EC54-43A0-A370-A577E4C2C94B}.Release|Any CPU.ActiveCfg = Release|Any CPU
		{51767747-EC54-43A0-A370-A577E4C2C94B}.Release|Any CPU.Build.0 = Release|Any CPU
	EndGlobalSection
	GlobalSection(SolutionProperties) = preSolution
		HideSolutionNode = FALSE
	EndGlobalSection
	GlobalSection(ExtensibilityGlobals) = postSolution
		SolutionGuid = {6005124F-AAEA-418B-9ACB-EB90CC71FA28}
	EndGlobalSection
EndGlobal
